PODS:
  - AMap3DMap (10.1.600):
    - AMapFoundation (>= 1.8.0)
  - AMapFoundation (1.8.2)
  - AMapSearch (9.7.4):
    - AMapFoundation (>= 1.8.0)
  - Flutter (1.0.0)
  - heyhip_amap (0.0.1):
    - AMap3DMap (= 10.1.600)
    - AMapFoundation (= 1.8.2)
    - AMapSearch (= 9.7.4)
    - Flutter
    - SDWebImage
  - integration_test (0.0.1):
    - Flutter
  - SDWebImage (5.21.5):
    - SDWebImage/Core (= 5.21.5)
  - SDWebImage/Core (5.21.5)

DEPENDENCIES:
  - Flutter (from `Flutter`)
  - heyhip_amap (from `.symlinks/plugins/heyhip_amap/ios`)
  - integration_test (from `.symlinks/plugins/integration_test/ios`)

SPEC REPOS:
  trunk:
    - AMap3DMap
    - AMapFoundation
    - AMapSearch
    - SDWebImage

EXTERNAL SOURCES:
  Flutter:
    :path: Flutter
  heyhip_amap:
    :path: ".symlinks/plugins/heyhip_amap/ios"
  integration_test:
    :path: ".symlinks/plugins/integration_test/ios"

SPEC CHECKSUMS:
  AMap3DMap: e67fc1a66bd83b82b44a06b601864d9fb3db3de0
  AMapFoundation: 9885c48fc3a78fdfb84a0299a2293e56ea3c9fec
  AMapSearch: a30e89212f55a867ac951ce71f800313cd54ad0a
  Flutter: cabc95a1d2626b1b06e7179b784ebcf0c0cde467
  heyhip_amap: f9725a8d4851fcfcb0068064bea89f8bcaf5b639
  integration_test: 4a889634ef21a45d28d50d622cf412dc6d9f586e
  SDWebImage: e9c98383c7572d713c1a0d7dd2783b10599b9838

PODFILE CHECKSUM: ff8c0f61190f4729a64978238dc4835e27f1cf61

COCOAPODS: 1.16.2
